
Microsoft Visual Studio Solution File, Format Version 12.00
# Visual Studio Version 16
VisualStudioVersion = 16.0.31129.286
MinimumVisualStudioVersion = 10.0.40219.1
Project("{FAE04EC0-301F-11D3-BF4B-00C04F79EFBC}") = "aula3_Venda", "aula3_Venda.csproj", "{751F7E50-2659-4B10-A71F-532692FC9616}"
EndProject
Global
	GlobalSection(SolutionConfigurationPlatforms) = preSolution
		Debug|Any CPU = Debug|Any CPU
		Release|Any CPU = Release|Any CPU
	EndGlobalSection
	GlobalSection(ProjectConfigurationPlatforms) = postSolution
		{751F7E50-2659-4B10-A71F-532692FC9616}.Debug|Any CPU.ActiveCfg = Debug|Any CPU
		{751F7E50-2659-4B10-A71F-532692FC9616}.Debug|Any CPU.Build.0 = Debug|Any CPU
		{751F7E50-2659-4B10-A71F-532692FC9616}.Release|Any CPU.ActiveCfg = Release|Any CPU
		{751F7E50-2659-4B10-A71F-532692FC9616}.Release|Any CPU.Build.0 = Release|Any CPU
	EndGlobalSection
	GlobalSection(SolutionProperties) = preSolution
		HideSolutionNode = FALSE
	EndGlobalSection
	GlobalSection(ExtensibilityGlobals) = postSolution
		SolutionGuid = {5FC59458-A55A-4120-B4EE-0DAD38C9D593}
	EndGlobalSection
EndGlobal
